
Microsoft Visual Studio Solution File, Format Version 12.00
# Visual Studio 2013
VisualStudioVersion = 12.0.21005.1
MinimumVisualStudioVersion = 10.0.40219.1
Project("{FAE04EC0-301F-11D3-BF4B-00C04F79EFBC}") = "GrammarOfArithmetic", "GrammarOfArithmetic\GrammarOfArithmetic.csproj", "{15792FD1-9AE4-4C69-B8BC-83088F3986EC}"
EndProject
Project("{FAE04EC0-301F-11D3-BF4B-00C04F79EFBC}") = "Currencies", "Currencies\Currencies.csproj", "{62C7F887-E989-48C6-AF6D-091A99DC3C29}"
EndProject
Project("{FAE04EC0-301F-11D3-BF4B-00C04F79EFBC}") = "Calculator", "Calculator\Calculator.csproj", "{D13D527A-DD53-46D5-962C-662162246230}"
EndProject
Global
	GlobalSection(SolutionConfigurationPlatforms) = preSolution
		Debug|Any CPU = Debug|Any CPU
		Release|Any CPU = Release|Any CPU
	EndGlobalSection
	GlobalSection(ProjectConfigurationPlatforms) = postSolution
		{15792FD1-9AE4-4C69-B8BC-83088F3986EC}.Debug|Any CPU.ActiveCfg = Debug|Any CPU
		{15792FD1-9AE4-4C69-B8BC-83088F3986EC}.Debug|Any CPU.Build.0 = Debug|Any CPU
		{15792FD1-9AE4-4C69-B8BC-83088F3986EC}.Release|Any CPU.ActiveCfg = Release|Any CPU
		{15792FD1-9AE4-4C69-B8BC-83088F3986EC}.Release|Any CPU.Build.0 = Release|Any CPU
		{62C7F887-E989-48C6-AF6D-091A99DC3C29}.Debug|Any CPU.ActiveCfg = Debug|Any CPU
		{62C7F887-E989-48C6-AF6D-091A99DC3C29}.Debug|Any CPU.Build.0 = Debug|Any CPU
		{62C7F887-E989-48C6-AF6D-091A99DC3C29}.Release|Any CPU.ActiveCfg = Release|Any CPU
		{62C7F887-E989-48C6-AF6D-091A99DC3C29}.Release|Any CPU.Build.0 = Release|Any CPU
		{D13D527A-DD53-46D5-962C-662162246230}.Debug|Any CPU.ActiveCfg = Debug|Any CPU
		{D13D527A-DD53-46D5-962C-662162246230}.Debug|Any CPU.Build.0 = Debug|Any CPU
		{D13D527A-DD53-46D5-962C-662162246230}.Release|Any CPU.ActiveCfg = Release|Any CPU
		{D13D527A-DD53-46D5-962C-662162246230}.Release|Any CPU.Build.0 = Release|Any CPU
	EndGlobalSection
	GlobalSection(SolutionProperties) = preSolution
		HideSolutionNode = FALSE
	EndGlobalSection
EndGlobal
